
Microsoft Visual Studio Solution File, Format Version 12.00
# Visual Studio Version 17
VisualStudioVersion = 17.5.33530.505
MinimumVisualStudioVersion = 10.0.40219.1
Project("{8BC9CEB8-8B4A-11D0-8D11-00A0C91BC942}") = "PG3", "PG3.vcxproj", "{4BA17E8A-4515-4A0E-BB53-715E1F64F038}"
EndProject
Global
	GlobalSection(SolutionConfigurationPlatforms) = preSolution
		Debug|x64 = Debug|x64
		Debug|x86 = Debug|x86
		Release|x64 = Release|x64
		Release|x86 = Release|x86
	EndGlobalSection
	GlobalSection(ProjectConfigurationPlatforms) = postSolution
		{4BA17E8A-4515-4A0E-BB53-715E1F64F038}.Debug|x64.ActiveCfg = Debug|x64
		{4BA17E8A-4515-4A0E-BB53-715E1F64F038}.Debug|x64.Build.0 = Debug|x64
		{4BA17E8A-4515-4A0E-BB53-715E1F64F038}.Debug|x86.ActiveCfg = Debug|Win32
		{4BA17E8A-4515-4A0E-BB53-715E1F64F038}.Debug|x86.Build.0 = Debug|Win32
		{4BA17E8A-4515-4A0E-BB53-715E1F64F038}.Release|x64.ActiveCfg = Release|x64
		{4BA17E8A-4515-4A0E-BB53-715E1F64F038}.Release|x64.Build.0 = Release|x64
		{4BA17E8A-4515-4A0E-BB53-715E1F64F038}.Release|x86.ActiveCfg = Release|Win32
		{4BA17E8A-4515-4A0E-BB53-715E1F64F038}.Release|x86.Build.0 = Release|Win32
	EndGlobalSection
	GlobalSection(SolutionProperties) = preSolution
		HideSolutionNode = FALSE
	EndGlobalSection
	GlobalSection(ExtensibilityGlobals) = postSolution
		SolutionGuid = {B802B782-FB12-43D4-B060-80E0442F2B1A}
	EndGlobalSection
EndGlobal
